
Microsoft Visual Studio Solution File, Format Version 12.00
# Visual Studio 15
VisualStudioVersion = 15.0.28307.421
MinimumVisualStudioVersion = 10.0.40219.1
Project("{FAE04EC0-301F-11D3-BF4B-00C04F79EFBC}") = "WindowsFormsApp1", "WindowsFormsApp1\WindowsFormsApp1.csproj", "{55EB511A-D775-4EDC-88CD-C6163A1372CF}"
EndProject
Global
	GlobalSection(SolutionConfigurationPlatforms) = preSolution
		Debug|Any CPU = Debug|Any CPU
		Release|Any CPU = Release|Any CPU
	EndGlobalSection
	GlobalSection(ProjectConfigurationPlatforms) = postSolution
		{55EB511A-D775-4EDC-88CD-C6163A1372CF}.Debug|Any CPU.ActiveCfg = Debug|Any CPU
		{55EB511A-D775-4EDC-88CD-C6163A1372CF}.Debug|Any CPU.Build.0 = Debug|Any CPU
		{55EB511A-D775-4EDC-88CD-C6163A1372CF}.Release|Any CPU.ActiveCfg = Release|Any CPU
		{55EB511A-D775-4EDC-88CD-C6163A1372CF}.Release|Any CPU.Build.0 = Release|Any CPU
	EndGlobalSection
	GlobalSection(SolutionProperties) = preSolution
		HideSolutionNode = FALSE
	EndGlobalSection
	GlobalSection(ExtensibilityGlobals) = postSolution
		SolutionGuid = {45A6829D-8C51-44D5-8F61-E0CA756635D6}
	EndGlobalSection
EndGlobal
