
Microsoft Visual Studio Solution File, Format Version 12.00
# Visual Studio 15
VisualStudioVersion = 15.0.28307.421
MinimumVisualStudioVersion = 10.0.40219.1
Project("{FAE04EC0-301F-11D3-BF4B-00C04F79EFBC}") = "WindowsFormsApp1", "WindowsFormsApp1.csproj", "{CBD69DF4-A112-4205-BD2B-74F874297718}"
EndProject
Global
	GlobalSection(SolutionConfigurationPlatforms) = preSolution
		Debug|Any CPU = Debug|Any CPU
		Release|Any CPU = Release|Any CPU
	EndGlobalSection
	GlobalSection(ProjectConfigurationPlatforms) = postSolution
		{CBD69DF4-A112-4205-BD2B-74F874297718}.Debug|Any CPU.ActiveCfg = Debug|Any CPU
		{CBD69DF4-A112-4205-BD2B-74F874297718}.Debug|Any CPU.Build.0 = Debug|Any CPU
		{CBD69DF4-A112-4205-BD2B-74F874297718}.Release|Any CPU.ActiveCfg = Release|Any CPU
		{CBD69DF4-A112-4205-BD2B-74F874297718}.Release|Any CPU.Build.0 = Release|Any CPU
	EndGlobalSection
	GlobalSection(SolutionProperties) = preSolution
		HideSolutionNode = FALSE
	EndGlobalSection
	GlobalSection(ExtensibilityGlobals) = postSolution
		SolutionGuid = {96C0DC7E-B147-4DDE-901F-FA5C90559381}
	EndGlobalSection
EndGlobal
