
Microsoft Visual Studio Solution File, Format Version 12.00
# Visual Studio 15
VisualStudioVersion = 15.0.28307.421
MinimumVisualStudioVersion = 10.0.40219.1
Project("{FAE04EC0-301F-11D3-BF4B-00C04F79EFBC}") = "WindowsFormsApp1", "WindowsFormsApp1.csproj", "{3FC41CB1-128C-4F98-B9B5-5EFA150BEE76}"
EndProject
Global
	GlobalSection(SolutionConfigurationPlatforms) = preSolution
		Debug|Any CPU = Debug|Any CPU
		Release|Any CPU = Release|Any CPU
	EndGlobalSection
	GlobalSection(ProjectConfigurationPlatforms) = postSolution
		{3FC41CB1-128C-4F98-B9B5-5EFA150BEE76}.Debug|Any CPU.ActiveCfg = Debug|Any CPU
		{3FC41CB1-128C-4F98-B9B5-5EFA150BEE76}.Debug|Any CPU.Build.0 = Debug|Any CPU
		{3FC41CB1-128C-4F98-B9B5-5EFA150BEE76}.Release|Any CPU.ActiveCfg = Release|Any CPU
		{3FC41CB1-128C-4F98-B9B5-5EFA150BEE76}.Release|Any CPU.Build.0 = Release|Any CPU
	EndGlobalSection
	GlobalSection(SolutionProperties) = preSolution
		HideSolutionNode = FALSE
	EndGlobalSection
	GlobalSection(ExtensibilityGlobals) = postSolution
		SolutionGuid = {EA9A4CDD-4647-4D24-AE20-0F0EEEDA357B}
	EndGlobalSection
EndGlobal
