
Microsoft Visual Studio Solution File, Format Version 12.00
# Visual Studio 15
VisualStudioVersion = 15.0.28307.421
MinimumVisualStudioVersion = 10.0.40219.1
Project("{FAE04EC0-301F-11D3-BF4B-00C04F79EFBC}") = "WindowsFormsApp1", "WindowsFormsApp1.csproj", "{6CCF2554-EC2D-4E85-99DF-15C243068A25}"
EndProject
Global
	GlobalSection(SolutionConfigurationPlatforms) = preSolution
		Debug|Any CPU = Debug|Any CPU
		Release|Any CPU = Release|Any CPU
	EndGlobalSection
	GlobalSection(ProjectConfigurationPlatforms) = postSolution
		{6CCF2554-EC2D-4E85-99DF-15C243068A25}.Debug|Any CPU.ActiveCfg = Debug|Any CPU
		{6CCF2554-EC2D-4E85-99DF-15C243068A25}.Debug|Any CPU.Build.0 = Debug|Any CPU
		{6CCF2554-EC2D-4E85-99DF-15C243068A25}.Release|Any CPU.ActiveCfg = Release|Any CPU
		{6CCF2554-EC2D-4E85-99DF-15C243068A25}.Release|Any CPU.Build.0 = Release|Any CPU
	EndGlobalSection
	GlobalSection(SolutionProperties) = preSolution
		HideSolutionNode = FALSE
	EndGlobalSection
	GlobalSection(ExtensibilityGlobals) = postSolution
		SolutionGuid = {FB17A6C4-3A79-4BF7-B97B-80F96F5601ED}
	EndGlobalSection
EndGlobal
